
Microsoft Visual Studio Solution File, Format Version 12.00
# Visual Studio Version 17
VisualStudioVersion = 17.11.35327.3
MinimumVisualStudioVersion = 10.0.40219.1
Project("{FAE04EC0-301F-11D3-BF4B-00C04F79EFBC}") = "YP_rubtsova_zad2", "YP_rubtsova_zad2\YP_rubtsova_zad2.csproj", "{DF109D74-3F47-4C70-8E93-E99BECBF4B19}"
EndProject
Global
	GlobalSection(SolutionConfigurationPlatforms) = preSolution
		Debug|Any CPU = Debug|Any CPU
		Release|Any CPU = Release|Any CPU
	EndGlobalSection
	GlobalSection(ProjectConfigurationPlatforms) = postSolution
		{DF109D74-3F47-4C70-8E93-E99BECBF4B19}.Debug|Any CPU.ActiveCfg = Debug|Any CPU
		{DF109D74-3F47-4C70-8E93-E99BECBF4B19}.Debug|Any CPU.Build.0 = Debug|Any CPU
		{DF109D74-3F47-4C70-8E93-E99BECBF4B19}.Release|Any CPU.ActiveCfg = Release|Any CPU
		{DF109D74-3F47-4C70-8E93-E99BECBF4B19}.Release|Any CPU.Build.0 = Release|Any CPU
	EndGlobalSection
	GlobalSection(SolutionProperties) = preSolution
		HideSolutionNode = FALSE
	EndGlobalSection
	GlobalSection(ExtensibilityGlobals) = postSolution
		SolutionGuid = {5B0D67CA-8E0A-401D-B5C0-9465E6DE2806}
	EndGlobalSection
EndGlobal
